// !$*UTF8*$!
{
	archiveVersion = 1;
	classes = {
	};
	objectVersion = 50;
	objects = {

/* Begin PBXBuildFile section */
		A52D806F20E5DAF7004FE9F3 /* AppDelegate.m in Sources */ = {isa = PBXBuildFile; fileRef = A52D806E20E5DAF7004FE9F3 /* AppDelegate.m */; };
		A52D807220E5DAF7004FE9F3 /* ViewController.m in Sources */ = {isa = PBXBuildFile; fileRef = A52D807120E5DAF7004FE9F3 /* ViewController.m */; };
		A52D807520E5DAF7004FE9F3 /* Main.storyboard in Resources */ = {isa = PBXBuildFile; fileRef = A52D807320E5DAF7004FE9F3 /* Main.storyboard */; };
		A52D807720E5DAF9004FE9F3 /* Assets.xcassets in Resources */ = {isa = PBXBuildFile; fileRef = A52D807620E5DAF9004FE9F3 /* Assets.xcassets */; };
		A52D807A20E5DAF9004FE9F3 /* LaunchScreen.storyboard in Resources */ = {isa = PBXBuildFile; fileRef = A52D807820E5DAF9004FE9F3 /* LaunchScreen.storyboard */; };
		A52D807D20E5DAF9004FE9F3 /* main.m in Sources */ = {isa = PBXBuildFile; fileRef = A52D807C20E5DAF9004FE9F3 /* main.m */; };
		FE176BBB26366B9400A712FF /* V168SDK.framework in Frameworks */ = {isa = PBXBuildFile; fileRef = FE176BB926366B9400A712FF /* V168SDK.framework */; };
		FE176BBE26366BC800A712FF /* AppTrackingTransparency.framework in Frameworks */ = {isa = PBXBuildFile; fileRef = FE176BBD26366BC800A712FF /* AppTrackingTransparency.framework */; };
		FE3D89EE25E4CFBE005F7C97 /* SVProgressHUD.bundle in Resources */ = {isa = PBXBuildFile; fileRef = FE3D89ED25E4CFBE005F7C97 /* SVProgressHUD.bundle */; };
		FE3D8A0225E4CFEB005F7C97 /* GoogleDataTransport.framework in Frameworks */ = {isa = PBXBuildFile; fileRef = FE3D89F425E4CFEB005F7C97 /* GoogleDataTransport.framework */; };
		FE3D8A0325E4CFEB005F7C97 /* GoogleAppMeasurement.framework in Frameworks */ = {isa = PBXBuildFile; fileRef = FE3D89F525E4CFEB005F7C97 /* GoogleAppMeasurement.framework */; };
		FE3D8A0425E4CFEB005F7C97 /* FirebaseCore.framework in Frameworks */ = {isa = PBXBuildFile; fileRef = FE3D89F625E4CFEB005F7C97 /* FirebaseCore.framework */; };
		FE3D8A0525E4CFEB005F7C97 /* FirebaseRemoteConfig.framework in Frameworks */ = {isa = PBXBuildFile; fileRef = FE3D89F725E4CFEB005F7C97 /* FirebaseRemoteConfig.framework */; };
		FE3D8A0625E4CFEB005F7C97 /* FirebaseAnalytics.framework in Frameworks */ = {isa = PBXBuildFile; fileRef = FE3D89F825E4CFEB005F7C97 /* FirebaseAnalytics.framework */; };
		FE3D8A0725E4CFEB005F7C97 /* GoogleUtilities.framework in Frameworks */ = {isa = PBXBuildFile; fileRef = FE3D89FA25E4CFEB005F7C97 /* GoogleUtilities.framework */; };
		FE3D8A0825E4CFEB005F7C97 /* PromisesObjC.framework in Frameworks */ = {isa = PBXBuildFile; fileRef = FE3D89FB25E4CFEB005F7C97 /* PromisesObjC.framework */; };
		FE3D8A0925E4CFEB005F7C97 /* nanopb.framework in Frameworks */ = {isa = PBXBuildFile; fileRef = FE3D89FC25E4CFEB005F7C97 /* nanopb.framework */; };
		FE3D8A0A25E4CFEB005F7C97 /* FirebaseInstallations.framework in Frameworks */ = {isa = PBXBuildFile; fileRef = FE3D89FD25E4CFEB005F7C97 /* FirebaseInstallations.framework */; };
		FE3D8A0B25E4CFEB005F7C97 /* FirebaseABTesting.framework in Frameworks */ = {isa = PBXBuildFile; fileRef = FE3D89FE25E4CFEB005F7C97 /* FirebaseABTesting.framework */; };
		FE3D8A0C25E4CFEB005F7C97 /* FirebaseCoreDiagnostics.framework in Frameworks */ = {isa = PBXBuildFile; fileRef = FE3D89FF25E4CFEB005F7C97 /* FirebaseCoreDiagnostics.framework */; };
		FE50FB87255BBB2400F4CB28 /* UTM AVO.TTF in Resources */ = {isa = PBXBuildFile; fileRef = FE50FB82255BBB2400F4CB28 /* UTM AVO.TTF */; };
		FE60617A2632771C00F87B5D /* AppsFlyerLib.framework in Frameworks */ = {isa = PBXBuildFile; fileRef = FE6061782632771C00F87B5D /* AppsFlyerLib.framework */; };
		FE7D5115256F92B900EDA144 /* V168Bundle.bundle in Resources */ = {isa = PBXBuildFile; fileRef = FE7D5113256F92B900EDA144 /* V168Bundle.bundle */; };
		FE8B34472581D571007CB296 /* File.swift in Sources */ = {isa = PBXBuildFile; fileRef = FE8B34462581D571007CB296 /* File.swift */; };
		FE8B344B2581D580007CB296 /* Accelerate.framework in Frameworks */ = {isa = PBXBuildFile; fileRef = FE8B344A2581D580007CB296 /* Accelerate.framework */; };
		FE8B344D2581D585007CB296 /* libc++.tbd in Frameworks */ = {isa = PBXBuildFile; fileRef = FE8B344C2581D585007CB296 /* libc++.tbd */; };
		FEBF25C326706D240081572E /* V168Core.framework in Frameworks */ = {isa = PBXBuildFile; fileRef = FEBF25C226706D230081572E /* V168Core.framework */; };
		FED94C0E25EE3B7800815D90 /* FBSDKLoginKit.framework in Frameworks */ = {isa = PBXBuildFile; fileRef = FED94C0A25EE3B7800815D90 /* FBSDKLoginKit.framework */; };
		FED94C0F25EE3B7800815D90 /* FBSDKCoreKit.framework in Frameworks */ = {isa = PBXBuildFile; fileRef = FED94C0B25EE3B7800815D90 /* FBSDKCoreKit.framework */; };
		FEF7CC4825821FF4009EA062 /* NewViewController.m in Sources */ = {isa = PBXBuildFile; fileRef = FEF7CC4725821FF4009EA062 /* NewViewController.m */; };
/* End PBXBuildFile section */

/* Begin PBXFileReference section */
		A52D806A20E5DAF7004FE9F3 /* newSDKDemo.app */ = {isa = PBXFileReference; explicitFileType = wrapper.application; includeInIndex = 0; path = newSDKDemo.app; sourceTree = BUILT_PRODUCTS_DIR; };
		A52D806D20E5DAF7004FE9F3 /* AppDelegate.h */ = {isa = PBXFileReference; lastKnownFileType = sourcecode.c.h; path = AppDelegate.h; sourceTree = "<group>"; };
		A52D806E20E5DAF7004FE9F3 /* AppDelegate.m */ = {isa = PBXFileReference; lastKnownFileType = sourcecode.c.objc; path = AppDelegate.m; sourceTree = "<group>"; };
		A52D807020E5DAF7004FE9F3 /* ViewController.h */ = {isa = PBXFileReference; lastKnownFileType = sourcecode.c.h; path = ViewController.h; sourceTree = "<group>"; };
		A52D807120E5DAF7004FE9F3 /* ViewController.m */ = {isa = PBXFileReference; lastKnownFileType = sourcecode.c.objc; path = ViewController.m; sourceTree = "<group>"; };
		A52D807420E5DAF7004FE9F3 /* Base */ = {isa = PBXFileReference; lastKnownFileType = file.storyboard; name = Base; path = Base.lproj/Main.storyboard; sourceTree = "<group>"; };
		A52D807620E5DAF9004FE9F3 /* Assets.xcassets */ = {isa = PBXFileReference; lastKnownFileType = folder.assetcatalog; path = Assets.xcassets; sourceTree = "<group>"; };
		A52D807920E5DAF9004FE9F3 /* Base */ = {isa = PBXFileReference; lastKnownFileType = file.storyboard; name = Base; path = Base.lproj/LaunchScreen.storyboard; sourceTree = "<group>"; };
		A52D807B20E5DAF9004FE9F3 /* Info.plist */ = {isa = PBXFileReference; lastKnownFileType = text.plist.xml; path = Info.plist; sourceTree = "<group>"; };
		A52D807C20E5DAF9004FE9F3 /* main.m */ = {isa = PBXFileReference; lastKnownFileType = sourcecode.c.objc; path = main.m; sourceTree = "<group>"; };
		FE05B4B424E13DE3008B476E /* newSDKDemo.entitlements */ = {isa = PBXFileReference; lastKnownFileType = text.plist.entitlements; path = newSDKDemo.entitlements; sourceTree = "<group>"; };
		FE176BB926366B9400A712FF /* V168SDK.framework */ = {isa = PBXFileReference; lastKnownFileType = wrapper.framework; path = V168SDK.framework; sourceTree = "<group>"; };
		FE176BBD26366BC800A712FF /* AppTrackingTransparency.framework */ = {isa = PBXFileReference; lastKnownFileType = wrapper.framework; name = AppTrackingTransparency.framework; path = System/Library/Frameworks/AppTrackingTransparency.framework; sourceTree = SDKROOT; };
		FE3D89ED25E4CFBE005F7C97 /* SVProgressHUD.bundle */ = {isa = PBXFileReference; lastKnownFileType = "wrapper.plug-in"; path = SVProgressHUD.bundle; sourceTree = "<group>"; };
		FE3D89F425E4CFEB005F7C97 /* GoogleDataTransport.framework */ = {isa = PBXFileReference; lastKnownFileType = wrapper.framework; path = GoogleDataTransport.framework; sourceTree = "<group>"; };
		FE3D89F525E4CFEB005F7C97 /* GoogleAppMeasurement.framework */ = {isa = PBXFileReference; lastKnownFileType = wrapper.framework; path = GoogleAppMeasurement.framework; sourceTree = "<group>"; };
		FE3D89F625E4CFEB005F7C97 /* FirebaseCore.framework */ = {isa = PBXFileReference; lastKnownFileType = wrapper.framework; path = FirebaseCore.framework; sourceTree = "<group>"; };
		FE3D89F725E4CFEB005F7C97 /* FirebaseRemoteConfig.framework */ = {isa = PBXFileReference; lastKnownFileType = wrapper.framework; path = FirebaseRemoteConfig.framework; sourceTree = "<group>"; };
		FE3D89F825E4CFEB005F7C97 /* FirebaseAnalytics.framework */ = {isa = PBXFileReference; lastKnownFileType = wrapper.framework; path = FirebaseAnalytics.framework; sourceTree = "<group>"; };
		FE3D89F925E4CFEB005F7C97 /* Firebase.h */ = {isa = PBXFileReference; fileEncoding = 4; lastKnownFileType = sourcecode.c.h; path = Firebase.h; sourceTree = "<group>"; };
		FE3D89FA25E4CFEB005F7C97 /* GoogleUtilities.framework */ = {isa = PBXFileReference; lastKnownFileType = wrapper.framework; path = GoogleUtilities.framework; sourceTree = "<group>"; };
		FE3D89FB25E4CFEB005F7C97 /* PromisesObjC.framework */ = {isa = PBXFileReference; lastKnownFileType = wrapper.framework; path = PromisesObjC.framework; sourceTree = "<group>"; };
		FE3D89FC25E4CFEB005F7C97 /* nanopb.framework */ = {isa = PBXFileReference; lastKnownFileType = wrapper.framework; path = nanopb.framework; sourceTree = "<group>"; };
		FE3D89FD25E4CFEB005F7C97 /* FirebaseInstallations.framework */ = {isa = PBXFileReference; lastKnownFileType = wrapper.framework; path = FirebaseInstallations.framework; sourceTree = "<group>"; };
		FE3D89FE25E4CFEB005F7C97 /* FirebaseABTesting.framework */ = {isa = PBXFileReference; lastKnownFileType = wrapper.framework; path = FirebaseABTesting.framework; sourceTree = "<group>"; };
		FE3D89FF25E4CFEB005F7C97 /* FirebaseCoreDiagnostics.framework */ = {isa = PBXFileReference; lastKnownFileType = wrapper.framework; path = FirebaseCoreDiagnostics.framework; sourceTree = "<group>"; };
		FE50FB82255BBB2400F4CB28 /* UTM AVO.TTF */ = {isa = PBXFileReference; lastKnownFileType = file; path = "UTM AVO.TTF"; sourceTree = "<group>"; };
		FE6061782632771C00F87B5D /* AppsFlyerLib.framework */ = {isa = PBXFileReference; lastKnownFileType = wrapper.framework; path = AppsFlyerLib.framework; sourceTree = "<group>"; };
		FE7D5113256F92B900EDA144 /* V168Bundle.bundle */ = {isa = PBXFileReference; lastKnownFileType = "wrapper.plug-in"; path = V168Bundle.bundle; sourceTree = "<group>"; };
		FE8B34452581D570007CB296 /* newSDKDemo-Bridging-Header.h */ = {isa = PBXFileReference; lastKnownFileType = sourcecode.c.h; path = "newSDKDemo-Bridging-Header.h"; sourceTree = "<group>"; };
		FE8B34462581D571007CB296 /* File.swift */ = {isa = PBXFileReference; lastKnownFileType = sourcecode.swift; path = File.swift; sourceTree = "<group>"; };
		FE8B344A2581D580007CB296 /* Accelerate.framework */ = {isa = PBXFileReference; lastKnownFileType = wrapper.framework; name = Accelerate.framework; path = System/Library/Frameworks/Accelerate.framework; sourceTree = SDKROOT; };
		FE8B344C2581D585007CB296 /* libc++.tbd */ = {isa = PBXFileReference; lastKnownFileType = "sourcecode.text-based-dylib-definition"; name = "libc++.tbd"; path = "usr/lib/libc++.tbd"; sourceTree = SDKROOT; };
		FEBF25C226706D230081572E /* V168Core.framework */ = {isa = PBXFileReference; lastKnownFileType = wrapper.framework; path = V168Core.framework; sourceTree = "<group>"; };
		FED94C0A25EE3B7800815D90 /* FBSDKLoginKit.framework */ = {isa = PBXFileReference; lastKnownFileType = wrapper.framework; path = FBSDKLoginKit.framework; sourceTree = "<group>"; };
		FED94C0B25EE3B7800815D90 /* FBSDKCoreKit.framework */ = {isa = PBXFileReference; lastKnownFileType = wrapper.framework; path = FBSDKCoreKit.framework; sourceTree = "<group>"; };
		FEF7CC4625821FF4009EA062 /* NewViewController.h */ = {isa = PBXFileReference; fileEncoding = 4; lastKnownFileType = sourcecode.c.h; path = NewViewController.h; sourceTree = "<group>"; };
		FEF7CC4725821FF4009EA062 /* NewViewController.m */ = {isa = PBXFileReference; fileEncoding = 4; lastKnownFileType = sourcecode.c.objc; path = NewViewController.m; sourceTree = "<group>"; };
/* End PBXFileReference section */

/* Begin PBXFrameworksBuildPhase section */
		A52D806720E5DAF7004FE9F3 /* Frameworks */ = {
			isa = PBXFrameworksBuildPhase;
			buildActionMask = 2147483647;
			files = (
				FE176BBE26366BC800A712FF /* AppTrackingTransparency.framework in Frameworks */,
				FE8B344D2581D585007CB296 /* libc++.tbd in Frameworks */,
				FED94C0E25EE3B7800815D90 /* FBSDKLoginKit.framework in Frameworks */,
				FE3D8A0A25E4CFEB005F7C97 /* FirebaseInstallations.framework in Frameworks */,
				FE60617A2632771C00F87B5D /* AppsFlyerLib.framework in Frameworks */,
				FE176BBB26366B9400A712FF /* V168SDK.framework in Frameworks */,
				FEBF25C326706D240081572E /* V168Core.framework in Frameworks */,
				FE8B344B2581D580007CB296 /* Accelerate.framework in Frameworks */,
				FE3D8A0325E4CFEB005F7C97 /* GoogleAppMeasurement.framework in Frameworks */,
				FE3D8A0B25E4CFEB005F7C97 /* FirebaseABTesting.framework in Frameworks */,
				FE3D8A0525E4CFEB005F7C97 /* FirebaseRemoteConfig.framework in Frameworks */,
				FE3D8A0825E4CFEB005F7C97 /* PromisesObjC.framework in Frameworks */,
				FE3D8A0925E4CFEB005F7C97 /* nanopb.framework in Frameworks */,
				FE3D8A0425E4CFEB005F7C97 /* FirebaseCore.framework in Frameworks */,
				FE3D8A0625E4CFEB005F7C97 /* FirebaseAnalytics.framework in Frameworks */,
				FE3D8A0225E4CFEB005F7C97 /* GoogleDataTransport.framework in Frameworks */,
				FED94C0F25EE3B7800815D90 /* FBSDKCoreKit.framework in Frameworks */,
				FE3D8A0C25E4CFEB005F7C97 /* FirebaseCoreDiagnostics.framework in Frameworks */,
				FE3D8A0725E4CFEB005F7C97 /* GoogleUtilities.framework in Frameworks */,
			);
			runOnlyForDeploymentPostprocessing = 0;
		};
/* End PBXFrameworksBuildPhase section */

/* Begin PBXGroup section */
		A52D806120E5DAF7004FE9F3 = {
			isa = PBXGroup;
			children = (
				A52D806C20E5DAF7004FE9F3 /* newSDKDemo */,
				A52D806B20E5DAF7004FE9F3 /* Products */,
				FE8B34492581D57F007CB296 /* Frameworks */,
			);
			sourceTree = "<group>";
		};
		A52D806B20E5DAF7004FE9F3 /* Products */ = {
			isa = PBXGroup;
			children = (
				A52D806A20E5DAF7004FE9F3 /* newSDKDemo.app */,
			);
			name = Products;
			sourceTree = "<group>";
		};
		A52D806C20E5DAF7004FE9F3 /* newSDKDemo */ = {
			isa = PBXGroup;
			children = (
				FE05B4B424E13DE3008B476E /* newSDKDemo.entitlements */,
				A53081CC210853A1004A626D /* markone */,
				A52D806D20E5DAF7004FE9F3 /* AppDelegate.h */,
				A52D806E20E5DAF7004FE9F3 /* AppDelegate.m */,
				A52D807020E5DAF7004FE9F3 /* ViewController.h */,
				A52D807120E5DAF7004FE9F3 /* ViewController.m */,
				FEF7CC4625821FF4009EA062 /* NewViewController.h */,
				FEF7CC4725821FF4009EA062 /* NewViewController.m */,
				A52D807320E5DAF7004FE9F3 /* Main.storyboard */,
				A52D807620E5DAF9004FE9F3 /* Assets.xcassets */,
				A52D807820E5DAF9004FE9F3 /* LaunchScreen.storyboard */,
				A52D807B20E5DAF9004FE9F3 /* Info.plist */,
				A52D807C20E5DAF9004FE9F3 /* main.m */,
				FE8B34462581D571007CB296 /* File.swift */,
				FE8B34452581D570007CB296 /* newSDKDemo-Bridging-Header.h */,
			);
			path = newSDKDemo;
			sourceTree = "<group>";
		};
		A53081CC210853A1004A626D /* markone */ = {
			isa = PBXGroup;
			children = (
				FEBF25C226706D230081572E /* V168Core.framework */,
				FE176BB926366B9400A712FF /* V168SDK.framework */,
				FE6061772632771C00F87B5D /* AF6.2.5 */,
				FED94C0925EE3B7800815D90 /* fb9.1 */,
				FE3D89F325E4CFEB005F7C97 /* google7.5.0 */,
				FE3D89ED25E4CFBE005F7C97 /* SVProgressHUD.bundle */,
				FE7D5113256F92B900EDA144 /* V168Bundle.bundle */,
				FE50FB82255BBB2400F4CB28 /* UTM AVO.TTF */,
			);
			path = markone;
			sourceTree = "<group>";
		};
		FE3D89F325E4CFEB005F7C97 /* google7.5.0 */ = {
			isa = PBXGroup;
			children = (
				FE3D89F425E4CFEB005F7C97 /* GoogleDataTransport.framework */,
				FE3D89F525E4CFEB005F7C97 /* GoogleAppMeasurement.framework */,
				FE3D89F625E4CFEB005F7C97 /* FirebaseCore.framework */,
				FE3D89F725E4CFEB005F7C97 /* FirebaseRemoteConfig.framework */,
				FE3D89F825E4CFEB005F7C97 /* FirebaseAnalytics.framework */,
				FE3D89F925E4CFEB005F7C97 /* Firebase.h */,
				FE3D89FA25E4CFEB005F7C97 /* GoogleUtilities.framework */,
				FE3D89FB25E4CFEB005F7C97 /* PromisesObjC.framework */,
				FE3D89FC25E4CFEB005F7C97 /* nanopb.framework */,
				FE3D89FD25E4CFEB005F7C97 /* FirebaseInstallations.framework */,
				FE3D89FE25E4CFEB005F7C97 /* FirebaseABTesting.framework */,
				FE3D89FF25E4CFEB005F7C97 /* FirebaseCoreDiagnostics.framework */,
			);
			path = google7.5.0;
			sourceTree = "<group>";
		};
		FE6061772632771C00F87B5D /* AF6.2.5 */ = {
			isa = PBXGroup;
			children = (
				FE6061782632771C00F87B5D /* AppsFlyerLib.framework */,
			);
			path = AF6.2.5;
			sourceTree = "<group>";
		};
		FE8B34492581D57F007CB296 /* Frameworks */ = {
			isa = PBXGroup;
			children = (
				FE176BBD26366BC800A712FF /* AppTrackingTransparency.framework */,
				FE8B344C2581D585007CB296 /* libc++.tbd */,
				FE8B344A2581D580007CB296 /* Accelerate.framework */,
			);
			name = Frameworks;
			sourceTree = "<group>";
		};
		FED94C0925EE3B7800815D90 /* fb9.1 */ = {
			isa = PBXGroup;
			children = (
				FED94C0A25EE3B7800815D90 /* FBSDKLoginKit.framework */,
				FED94C0B25EE3B7800815D90 /* FBSDKCoreKit.framework */,
			);
			path = fb9.1;
			sourceTree = "<group>";
		};
/* End PBXGroup section */

/* Begin PBXNativeTarget section */
		A52D806920E5DAF7004FE9F3 /* newSDKDemo */ = {
			isa = PBXNativeTarget;
			buildConfigurationList = A52D808020E5DAF9004FE9F3 /* Build configuration list for PBXNativeTarget "newSDKDemo" */;
			buildPhases = (
				A52D806620E5DAF7004FE9F3 /* Sources */,
				A52D806720E5DAF7004FE9F3 /* Frameworks */,
				A52D806820E5DAF7004FE9F3 /* Resources */,
			);
			buildRules = (
			);
			dependencies = (
			);
			name = newSDKDemo;
			productName = newSDKDemo;
			productReference = A52D806A20E5DAF7004FE9F3 /* newSDKDemo.app */;
			productType = "com.apple.product-type.application";
		};
/* End PBXNativeTarget section */

/* Begin PBXProject section */
		A52D806220E5DAF7004FE9F3 /* Project object */ = {
			isa = PBXProject;
			attributes = {
				LastUpgradeCheck = 0940;
				ORGANIZATIONNAME = Dom;
				TargetAttributes = {
					A52D806920E5DAF7004FE9F3 = {
						CreatedOnToolsVersion = 9.4.1;
						LastSwiftMigration = 1210;
					};
				};
			};
			buildConfigurationList = A52D806520E5DAF7004FE9F3 /* Build configuration list for PBXProject "newSDKDemo" */;
			compatibilityVersion = "Xcode 9.3";
			developmentRegion = en;
			hasScannedForEncodings = 0;
			knownRegions = (
				en,
				Base,
			);
			mainGroup = A52D806120E5DAF7004FE9F3;
			productRefGroup = A52D806B20E5DAF7004FE9F3 /* Products */;
			projectDirPath = "";
			projectRoot = "";
			targets = (
				A52D806920E5DAF7004FE9F3 /* newSDKDemo */,
			);
		};
/* End PBXProject section */

/* Begin PBXResourcesBuildPhase section */
		A52D806820E5DAF7004FE9F3 /* Resources */ = {
			isa = PBXResourcesBuildPhase;
			buildActionMask = 2147483647;
			files = (
				FE3D89EE25E4CFBE005F7C97 /* SVProgressHUD.bundle in Resources */,
				A52D807A20E5DAF9004FE9F3 /* LaunchScreen.storyboard in Resources */,
				FE50FB87255BBB2400F4CB28 /* UTM AVO.TTF in Resources */,
				FE7D5115256F92B900EDA144 /* V168Bundle.bundle in Resources */,
				A52D807720E5DAF9004FE9F3 /* Assets.xcassets in Resources */,
				A52D807520E5DAF7004FE9F3 /* Main.storyboard in Resources */,
			);
			runOnlyForDeploymentPostprocessing = 0;
		};
/* End PBXResourcesBuildPhase section */

/* Begin PBXSourcesBuildPhase section */
		A52D806620E5DAF7004FE9F3 /* Sources */ = {
			isa = PBXSourcesBuildPhase;
			buildActionMask = 2147483647;
			files = (
				A52D807220E5DAF7004FE9F3 /* ViewController.m in Sources */,
				FE8B34472581D571007CB296 /* File.swift in Sources */,
				FEF7CC4825821FF4009EA062 /* NewViewController.m in Sources */,
				A52D807D20E5DAF9004FE9F3 /* main.m in Sources */,
				A52D806F20E5DAF7004FE9F3 /* AppDelegate.m in Sources */,
			);
			runOnlyForDeploymentPostprocessing = 0;
		};
/* End PBXSourcesBuildPhase section */

/* Begin PBXVariantGroup section */
		A52D807320E5DAF7004FE9F3 /* Main.storyboard */ = {
			isa = PBXVariantGroup;
			children = (
				A52D807420E5DAF7004FE9F3 /* Base */,
			);
			name = Main.storyboard;
			sourceTree = "<group>";
		};
		A52D807820E5DAF9004FE9F3 /* LaunchScreen.storyboard */ = {
			isa = PBXVariantGroup;
			children = (
				A52D807920E5DAF9004FE9F3 /* Base */,
			);
			name = LaunchScreen.storyboard;
			sourceTree = "<group>";
		};
/* End PBXVariantGroup section */

/* Begin XCBuildConfiguration section */
		A52D807E20E5DAF9004FE9F3 /* Debug */ = {
			isa = XCBuildConfiguration;
			buildSettings = {
				ALWAYS_SEARCH_USER_PATHS = NO;
				CLANG_ANALYZER_NONNULL = YES;
				CLANG_ANALYZER_NUMBER_OBJECT_CONVERSION = YES_AGGRESSIVE;
				CLANG_CXX_LANGUAGE_STANDARD = "gnu++14";
				CLANG_CXX_LIBRARY = "libc++";
				CLANG_ENABLE_MODULES = YES;
				CLANG_ENABLE_OBJC_ARC = YES;
				CLANG_ENABLE_OBJC_WEAK = YES;
				CLANG_WARN_BLOCK_CAPTURE_AUTORELEASING = YES;
				CLANG_WARN_BOOL_CONVERSION = YES;
				CLANG_WARN_COMMA = YES;
				CLANG_WARN_CONSTANT_CONVERSION = YES;
				CLANG_WARN_DEPRECATED_OBJC_IMPLEMENTATIONS = YES;
				CLANG_WARN_DIRECT_OBJC_ISA_USAGE = YES_ERROR;
				CLANG_WARN_DOCUMENTATION_COMMENTS = YES;
				CLANG_WARN_EMPTY_BODY = YES;
				CLANG_WARN_ENUM_CONVERSION = YES;
				CLANG_WARN_INFINITE_RECURSION = YES;
				CLANG_WARN_INT_CONVERSION = YES;
				CLANG_WARN_NON_LITERAL_NULL_CONVERSION = YES;
				CLANG_WARN_OBJC_IMPLICIT_RETAIN_SELF = YES;
				CLANG_WARN_OBJC_LITERAL_CONVERSION = YES;
				CLANG_WARN_OBJC_ROOT_CLASS = YES_ERROR;
				CLANG_WARN_RANGE_LOOP_ANALYSIS = YES;
				CLANG_WARN_STRICT_PROTOTYPES = YES;
				CLANG_WARN_SUSPICIOUS_MOVE = YES;
				CLANG_WARN_UNGUARDED_AVAILABILITY = YES_AGGRESSIVE;
				CLANG_WARN_UNREACHABLE_CODE = YES;
				CLANG_WARN__DUPLICATE_METHOD_MATCH = YES;
				CODE_SIGN_IDENTITY = "iPhone Developer";
				COPY_PHASE_STRIP = NO;
				DEBUG_INFORMATION_FORMAT = dwarf;
				ENABLE_STRICT_OBJC_MSGSEND = YES;
				ENABLE_TESTABILITY = YES;
				GCC_C_LANGUAGE_STANDARD = gnu11;
				GCC_DYNAMIC_NO_PIC = NO;
				GCC_NO_COMMON_BLOCKS = YES;
				GCC_OPTIMIZATION_LEVEL = 0;
				GCC_PREPROCESSOR_DEFINITIONS = (
					"DEBUG=1",
					"$(inherited)",
				);
				GCC_WARN_64_TO_32_BIT_CONVERSION = YES;
				GCC_WARN_ABOUT_RETURN_TYPE = YES_ERROR;
				GCC_WARN_UNDECLARED_SELECTOR = YES;
				GCC_WARN_UNINITIALIZED_AUTOS = YES_AGGRESSIVE;
				GCC_WARN_UNUSED_FUNCTION = YES;
				GCC_WARN_UNUSED_VARIABLE = YES;
				IPHONEOS_DEPLOYMENT_TARGET = 11.4;
				MTL_ENABLE_DEBUG_INFO = YES;
				ONLY_ACTIVE_ARCH = YES;
				SDKROOT = iphoneos;
			};
			name = Debug;
		};
		A52D807F20E5DAF9004FE9F3 /* Release */ = {
			isa = XCBuildConfiguration;
			buildSettings = {
				ALWAYS_SEARCH_USER_PATHS = NO;
				CLANG_ANALYZER_NONNULL = YES;
				CLANG_ANALYZER_NUMBER_OBJECT_CONVERSION = YES_AGGRESSIVE;
				CLANG_CXX_LANGUAGE_STANDARD = "gnu++14";
				CLANG_CXX_LIBRARY = "libc++";
				CLANG_ENABLE_MODULES = YES;
				CLANG_ENABLE_OBJC_ARC = YES;
				CLANG_ENABLE_OBJC_WEAK = YES;
				CLANG_WARN_BLOCK_CAPTURE_AUTORELEASING = YES;
				CLANG_WARN_BOOL_CONVERSION = YES;
				CLANG_WARN_COMMA = YES;
				CLANG_WARN_CONSTANT_CONVERSION = YES;
				CLANG_WARN_DEPRECATED_OBJC_IMPLEMENTATIONS = YES;
				CLANG_WARN_DIRECT_OBJC_ISA_USAGE = YES_ERROR;
				CLANG_WARN_DOCUMENTATION_COMMENTS = YES;
				CLANG_WARN_EMPTY_BODY = YES;
				CLANG_WARN_ENUM_CONVERSION = YES;
				CLANG_WARN_INFINITE_RECURSION = YES;
				CLANG_WARN_INT_CONVERSION = YES;
				CLANG_WARN_NON_LITERAL_NULL_CONVERSION = YES;
				CLANG_WARN_OBJC_IMPLICIT_RETAIN_SELF = YES;
				CLANG_WARN_OBJC_LITERAL_CONVERSION = YES;
				CLANG_WARN_OBJC_ROOT_CLASS = YES_ERROR;
				CLANG_WARN_RANGE_LOOP_ANALYSIS = YES;
				CLANG_WARN_STRICT_PROTOTYPES = YES;
				CLANG_WARN_SUSPICIOUS_MOVE = YES;
				CLANG_WARN_UNGUARDED_AVAILABILITY = YES_AGGRESSIVE;
				CLANG_WARN_UNREACHABLE_CODE = YES;
				CLANG_WARN__DUPLICATE_METHOD_MATCH = YES;
				CODE_SIGN_IDENTITY = "iPhone Developer";
				COPY_PHASE_STRIP = NO;
				DEBUG_INFORMATION_FORMAT = "dwarf-with-dsym";
				ENABLE_NS_ASSERTIONS = NO;
				ENABLE_STRICT_OBJC_MSGSEND = YES;
				GCC_C_LANGUAGE_STANDARD = gnu11;
				GCC_NO_COMMON_BLOCKS = YES;
				GCC_WARN_64_TO_32_BIT_CONVERSION = YES;
				GCC_WARN_ABOUT_RETURN_TYPE = YES_ERROR;
				GCC_WARN_UNDECLARED_SELECTOR = YES;
				GCC_WARN_UNINITIALIZED_AUTOS = YES_AGGRESSIVE;
				GCC_WARN_UNUSED_FUNCTION = YES;
				GCC_WARN_UNUSED_VARIABLE = YES;
				IPHONEOS_DEPLOYMENT_TARGET = 11.4;
				MTL_ENABLE_DEBUG_INFO = NO;
				SDKROOT = iphoneos;
				VALIDATE_PRODUCT = YES;
			};
			name = Release;
		};
		A52D808120E5DAF9004FE9F3 /* Debug */ = {
			isa = XCBuildConfiguration;
			buildSettings = {
				ASSETCATALOG_COMPILER_APPICON_NAME = AppIcon;
				CLANG_ENABLE_MODULES = YES;
				CODE_SIGN_ENTITLEMENTS = newSDKDemo/newSDKDemo.entitlements;
				CODE_SIGN_IDENTITY = "Apple Development";
				CODE_SIGN_STYLE = Automatic;
				DEVELOPMENT_TEAM = G6WJ4DK4A4;
				FRAMEWORK_SEARCH_PATHS = (
					"$(inherited)",
					"$(PROJECT_DIR)/newSDKDemo/Eserver",
					"$(PROJECT_DIR)/newSDKDemo/Eserver/fb",
					"$(PROJECT_DIR)/newSDKDemo/markone",
					"$(PROJECT_DIR)/newSDKDemo/markone/fb",
					"$(PROJECT_DIR)/newSDKDemo/markone/google",
					"$(PROJECT_DIR)/newSDKDemo/markone/fb/fb7.1.1",
					"$(PROJECT_DIR)/newSDKDemo/markone/AF6.1.4",
					"$(PROJECT_DIR)/newSDKDemo/markone/fb8.2",
					"$(PROJECT_DIR)/newSDKDemo/markone/google7.5.0",
					"$(PROJECT_DIR)/newSDKDemo/markone/AF6.2.2",
					"$(PROJECT_DIR)/newSDKDemo/markone/fb9.1",
					"$(PROJECT_DIR)/newSDKDemo/markone/AF6.2.5",
				);
				INFOPLIST_FILE = newSDKDemo/Info.plist;
				LD_RUNPATH_SEARCH_PATHS = (
					"$(inherited)",
					"@executable_path/Frameworks",
				);
				OTHER_LDFLAGS = "-ObjC";
				PRODUCT_BUNDLE_IDENTIFIER = com.eyougame.etoile0002;
				PRODUCT_NAME = "$(TARGET_NAME)";
				PROVISIONING_PROFILE_SPECIFIER = "";
				SWIFT_OBJC_BRIDGING_HEADER = "newSDKDemo/newSDKDemo-Bridging-Header.h";
				SWIFT_OBJC_INTERFACE_HEADER_NAME = "";
				SWIFT_OPTIMIZATION_LEVEL = "-Onone";
				SWIFT_VERSION = 5.0;
				TARGETED_DEVICE_FAMILY = "1,2";
			};
			name = Debug;
		};
		A52D808220E5DAF9004FE9F3 /* Release */ = {
			isa = XCBuildConfiguration;
			buildSettings = {
				ASSETCATALOG_COMPILER_APPICON_NAME = AppIcon;
				CLANG_ENABLE_MODULES = YES;
				CODE_SIGN_ENTITLEMENTS = newSDKDemo/newSDKDemo.entitlements;
				CODE_SIGN_IDENTITY = "Apple Development";
				CODE_SIGN_STYLE = Automatic;
				DEVELOPMENT_TEAM = G6WJ4DK4A4;
				FRAMEWORK_SEARCH_PATHS = (
					"$(inherited)",
					"$(PROJECT_DIR)/newSDKDemo/Eserver",
					"$(PROJECT_DIR)/newSDKDemo/Eserver/fb",
					"$(PROJECT_DIR)/newSDKDemo/markone",
					"$(PROJECT_DIR)/newSDKDemo/markone/fb",
					"$(PROJECT_DIR)/newSDKDemo/markone/google",
					"$(PROJECT_DIR)/newSDKDemo/markone/fb/fb7.1.1",
					"$(PROJECT_DIR)/newSDKDemo/markone/AF6.1.4",
					"$(PROJECT_DIR)/newSDKDemo/markone/fb8.2",
					"$(PROJECT_DIR)/newSDKDemo/markone/google7.5.0",
					"$(PROJECT_DIR)/newSDKDemo/markone/AF6.2.2",
					"$(PROJECT_DIR)/newSDKDemo/markone/fb9.1",
					"$(PROJECT_DIR)/newSDKDemo/markone/AF6.2.5",
				);
				INFOPLIST_FILE = newSDKDemo/Info.plist;
				LD_RUNPATH_SEARCH_PATHS = (
					"$(inherited)",
					"@executable_path/Frameworks",
				);
				OTHER_LDFLAGS = "-ObjC";
				PRODUCT_BUNDLE_IDENTIFIER = com.eyougame.etoile0002;
				PRODUCT_NAME = "$(TARGET_NAME)";
				PROVISIONING_PROFILE_SPECIFIER = "";
				SWIFT_OBJC_BRIDGING_HEADER = "newSDKDemo/newSDKDemo-Bridging-Header.h";
				SWIFT_OBJC_INTERFACE_HEADER_NAME = "";
				SWIFT_VERSION = 5.0;
				TARGETED_DEVICE_FAMILY = "1,2";
			};
			name = Release;
		};
/* End XCBuildConfiguration section */

/* Begin XCConfigurationList section */
		A52D806520E5DAF7004FE9F3 /* Build configuration list for PBXProject "newSDKDemo" */ = {
			isa = XCConfigurationList;
			buildConfigurations = (
				A52D807E20E5DAF9004FE9F3 /* Debug */,
				A52D807F20E5DAF9004FE9F3 /* Release */,
			);
			defaultConfigurationIsVisible = 0;
			defaultConfigurationName = Release;
		};
		A52D808020E5DAF9004FE9F3 /* Build configuration list for PBXNativeTarget "newSDKDemo" */ = {
			isa = XCConfigurationList;
			buildConfigurations = (
				A52D808120E5DAF9004FE9F3 /* Debug */,
				A52D808220E5DAF9004FE9F3 /* Release */,
			);
			defaultConfigurationIsVisible = 0;
			defaultConfigurationName = Release;
		};
/* End XCConfigurationList section */
	};
	rootObject = A52D806220E5DAF7004FE9F3 /* Project object */;
}
